{
  "name": "portal",
  "lockfileVersion": 3,
  "requires": true,
  "packages": {
    "": {
      "dependencies": {
        "uuid": "^9.0.1",
        "werift": "^0.18.17",
        "ws": "^8.14.2"
      }
    },
    "node_modules/@babel/runtime": {
      "version": "7.23.2",
      "resolved": "https://registry.npmjs.org/@babel/runtime/-/runtime-7.23.2.tgz",
      "integrity": "sha512-mM8eg4yl5D6i3lu2QKPuPH4FArvJ8KhTofbE7jwMUv9KX5mBvwPAqnV3MlyBNqdp9RyRKP6Yck8TrfYrPvX3bg==",
      "dependencies": {
        "regenerator-runtime": "^0.14.0"
      },
      "engines": {
        "node": ">=6.9.0"
      }
    },
    "node_modules/@fidm/asn1": {
      "version": "1.0.4",
      "resolved": "https://registry.npmjs.org/@fidm/asn1/-/asn1-1.0.4.tgz",
      "integrity": "sha512-esd1jyNvRb2HVaQGq2Gg8Z0kbQPXzV9Tq5Z14KNIov6KfFD6PTaRIO8UpcsYiTNzOqJpmyzWgVTrUwFV3UF4TQ==",
      "engines": {
        "node": ">= 8"
      }
    },
    "node_modules/@fidm/x509": {
      "version": "1.2.1",
      "resolved": "https://registry.npmjs.org/@fidm/x509/-/x509-1.2.1.tgz",
      "integrity": "sha512-nwc2iesjyc9hkuzcrMCBXQRn653XuAUKorfWM8PZyJawiy1QzLj4vahwzaI25+pfpwOLvMzbJ0uKpWLDNmo16w==",
      "dependencies": {
        "@fidm/asn1": "^1.0.4",
        "tweetnacl": "^1.0.1"
      },
      "engines": {
        "node": ">= 8"
      }
    },
    "node_modules/@minhducsun2002/leb128": {
      "version": "1.0.0",
      "resolved": "https://registry.npmjs.org/@minhducsun2002/leb128/-/leb128-1.0.0.tgz",
      "integrity": "sha512-eFrYUPDVHeuwWHluTG1kwNQUEUcFjVKYwPkU8z9DR1JH3AW7JtJsG9cRVGmwz809kKtGfwGJj58juCZxEvnI/g=="
    },
    "node_modules/@peculiar/asn1-cms": {
      "version": "2.3.8",
      "resolved": "https://registry.npmjs.org/@peculiar/asn1-cms/-/asn1-cms-2.3.8.tgz",
      "integrity": "sha512-Wtk9R7yQxGaIaawHorWKP2OOOm/RZzamOmSWwaqGphIuU6TcKYih0slL6asZlSSZtVoYTrBfrddSOD/jTu9vuQ==",
      "dependencies": {
        "@peculiar/asn1-schema": "^2.3.8",
        "@peculiar/asn1-x509": "^2.3.8",
        "@peculiar/asn1-x509-attr": "^2.3.8",
        "asn1js": "^3.0.5",
        "tslib": "^2.6.2"
      }
    },
    "node_modules/@peculiar/asn1-csr": {
      "version": "2.3.8",
      "resolved": "https://registry.npmjs.org/@peculiar/asn1-csr/-/asn1-csr-2.3.8.tgz",
      "integrity": "sha512-ZmAaP2hfzgIGdMLcot8gHTykzoI+X/S53x1xoGbTmratETIaAbSWMiPGvZmXRA0SNEIydpMkzYtq4fQBxN1u1w==",
      "dependencies": {
        "@peculiar/asn1-schema": "^2.3.8",
        "@peculiar/asn1-x509": "^2.3.8",
        "asn1js": "^3.0.5",
        "tslib": "^2.6.2"
      }
    },
    "node_modules/@peculiar/asn1-ecc": {
      "version": "2.3.8",
      "resolved": "https://registry.npmjs.org/@peculiar/asn1-ecc/-/asn1-ecc-2.3.8.tgz",
      "integrity": "sha512-Ah/Q15y3A/CtxbPibiLM/LKcMbnLTdUdLHUgdpB5f60sSvGkXzxJCu5ezGTFHogZXWNX3KSmYqilCrfdmBc6pQ==",
      "dependencies": {
        "@peculiar/asn1-schema": "^2.3.8",
        "@peculiar/asn1-x509": "^2.3.8",
        "asn1js": "^3.0.5",
        "tslib": "^2.6.2"
      }
    },
    "node_modules/@peculiar/asn1-pfx": {
      "version": "2.3.8",
      "resolved": "https://registry.npmjs.org/@peculiar/asn1-pfx/-/asn1-pfx-2.3.8.tgz",
      "integrity": "sha512-XhdnCVznMmSmgy68B9pVxiZ1XkKoE1BjO4Hv+eUGiY1pM14msLsFZ3N7K46SoITIVZLq92kKkXpGiTfRjlNLyg==",
      "dependencies": {
        "@peculiar/asn1-cms": "^2.3.8",
        "@peculiar/asn1-pkcs8": "^2.3.8",
        "@peculiar/asn1-rsa": "^2.3.8",
        "@peculiar/asn1-schema": "^2.3.8",
        "asn1js": "^3.0.5",
        "tslib": "^2.6.2"
      }
    },
    "node_modules/@peculiar/asn1-pkcs8": {
      "version": "2.3.8",
      "resolved": "https://registry.npmjs.org/@peculiar/asn1-pkcs8/-/asn1-pkcs8-2.3.8.tgz",
      "integrity": "sha512-rL8k2x59v8lZiwLRqdMMmOJ30GHt6yuHISFIuuWivWjAJjnxzZBVzMTQ72sknX5MeTSSvGwPmEFk2/N8+UztFQ==",
      "dependencies": {
        "@peculiar/asn1-schema": "^2.3.8",
        "@peculiar/asn1-x509": "^2.3.8",
        "asn1js": "^3.0.5",
        "tslib": "^2.6.2"
      }
    },
    "node_modules/@peculiar/asn1-pkcs9": {
      "version": "2.3.8",
      "resolved": "https://registry.npmjs.org/@peculiar/asn1-pkcs9/-/asn1-pkcs9-2.3.8.tgz",
      "integrity": "sha512-+nONq5tcK7vm3qdY7ZKoSQGQjhJYMJbwJGbXLFOhmqsFIxEWyQPHyV99+wshOjpOjg0wUSSkEEzX2hx5P6EKeQ==",
      "dependencies": {
        "@peculiar/asn1-cms": "^2.3.8",
        "@peculiar/asn1-pfx": "^2.3.8",
        "@peculiar/asn1-pkcs8": "^2.3.8",
        "@peculiar/asn1-schema": "^2.3.8",
        "@peculiar/asn1-x509": "^2.3.8",
        "@peculiar/asn1-x509-attr": "^2.3.8",
        "asn1js": "^3.0.5",
        "tslib": "^2.6.2"
      }
    },
    "node_modules/@peculiar/asn1-rsa": {
      "version": "2.3.8",
      "resolved": "https://registry.npmjs.org/@peculiar/asn1-rsa/-/asn1-rsa-2.3.8.tgz",
      "integrity": "sha512-ES/RVEHu8VMYXgrg3gjb1m/XG0KJWnV4qyZZ7mAg7rrF3VTmRbLxO8mk+uy0Hme7geSMebp+Wvi2U6RLLEs12Q==",
      "dependencies": {
        "@peculiar/asn1-schema": "^2.3.8",
        "@peculiar/asn1-x509": "^2.3.8",
        "asn1js": "^3.0.5",
        "tslib": "^2.6.2"
      }
    },
    "node_modules/@peculiar/asn1-schema": {
      "version": "2.3.8",
      "resolved": "https://registry.npmjs.org/@peculiar/asn1-schema/-/asn1-schema-2.3.8.tgz",
      "integrity": "sha512-ULB1XqHKx1WBU/tTFIA+uARuRoBVZ4pNdOA878RDrRbBfBGcSzi5HBkdScC6ZbHn8z7L8gmKCgPC1LHRrP46tA==",
      "dependencies": {
        "asn1js": "^3.0.5",
        "pvtsutils": "^1.3.5",
        "tslib": "^2.6.2"
      }
    },
    "node_modules/@peculiar/asn1-x509": {
      "version": "2.3.8",
      "resolved": "https://registry.npmjs.org/@peculiar/asn1-x509/-/asn1-x509-2.3.8.tgz",
      "integrity": "sha512-voKxGfDU1c6r9mKiN5ZUsZWh3Dy1BABvTM3cimf0tztNwyMJPhiXY94eRTgsMQe6ViLfT6EoXxkWVzcm3mFAFw==",
      "dependencies": {
        "@peculiar/asn1-schema": "^2.3.8",
        "asn1js": "^3.0.5",
        "ipaddr.js": "^2.1.0",
        "pvtsutils": "^1.3.5",
        "tslib": "^2.6.2"
      }
    },
    "node_modules/@peculiar/asn1-x509-attr": {
      "version": "2.3.8",
      "resolved": "https://registry.npmjs.org/@peculiar/asn1-x509-attr/-/asn1-x509-attr-2.3.8.tgz",
      "integrity": "sha512-4Z8mSN95MOuX04Aku9BUyMdsMKtVQUqWnr627IheiWnwFoheUhX3R4Y2zh23M7m80r4/WG8MOAckRKc77IRv6g==",
      "dependencies": {
        "@peculiar/asn1-schema": "^2.3.8",
        "@peculiar/asn1-x509": "^2.3.8",
        "asn1js": "^3.0.5",
        "tslib": "^2.6.2"
      }
    },
    "node_modules/@peculiar/json-schema": {
      "version": "1.1.12",
      "resolved": "https://registry.npmjs.org/@peculiar/json-schema/-/json-schema-1.1.12.tgz",
      "integrity": "sha512-coUfuoMeIB7B8/NMekxaDzLhaYmp0HZNPEjYRm9goRou8UZIC3z21s0sL9AWoCw4EG876QyO3kYrc61WNF9B/w==",
      "dependencies": {
        "tslib": "^2.0.0"
      },
      "engines": {
        "node": ">=8.0.0"
      }
    },
    "node_modules/@peculiar/webcrypto": {
      "version": "1.4.3",
      "resolved": "https://registry.npmjs.org/@peculiar/webcrypto/-/webcrypto-1.4.3.tgz",
      "integrity": "sha512-VtaY4spKTdN5LjJ04im/d/joXuvLbQdgy5Z4DXF4MFZhQ+MTrejbNMkfZBp1Bs3O5+bFqnJgyGdPuZQflvIa5A==",
      "dependencies": {
        "@peculiar/asn1-schema": "^2.3.6",
        "@peculiar/json-schema": "^1.1.12",
        "pvtsutils": "^1.3.2",
        "tslib": "^2.5.0",
        "webcrypto-core": "^1.7.7"
      },
      "engines": {
        "node": ">=10.12.0"
      }
    },
    "node_modules/@peculiar/x509": {
      "version": "1.9.6",
      "resolved": "https://registry.npmjs.org/@peculiar/x509/-/x509-1.9.6.tgz",
      "integrity": "sha512-BQhsxZa8SMJ8rwKJMb6VrdZk3XXE/5ab+JRr9psxHI9dw9gZrR3BsWrL3EgLoxrqOd2nP/mWVSSJGlA76aAbRw==",
      "dependencies": {
        "@peculiar/asn1-cms": "^2.3.8",
        "@peculiar/asn1-csr": "^2.3.8",
        "@peculiar/asn1-ecc": "^2.3.8",
        "@peculiar/asn1-pkcs9": "^2.3.8",
        "@peculiar/asn1-rsa": "^2.3.8",
        "@peculiar/asn1-schema": "^2.3.8",
        "@peculiar/asn1-x509": "^2.3.8",
        "pvtsutils": "^1.3.5",
        "reflect-metadata": "^0.2.1",
        "tslib": "^2.6.2",
        "tsyringe": "^4.8.0"
      }
    },
    "node_modules/@shinyoshiaki/ebml-builder": {
      "version": "0.0.1",
      "resolved": "https://registry.npmjs.org/@shinyoshiaki/ebml-builder/-/ebml-builder-0.0.1.tgz",
      "integrity": "sha512-rz1LklnlZ0yvVIt924yRGu+R87Fhfa06BdRIZR6GF6SXVSBTD9wCQmN6opXQLuSkoKXleWJwF3PW1ls8DGZjtw==",
      "dependencies": {
        "lodash.memoize": "^4.1.2"
      }
    },
    "node_modules/aes-js": {
      "version": "3.1.2",
      "resolved": "https://registry.npmjs.org/aes-js/-/aes-js-3.1.2.tgz",
      "integrity": "sha512-e5pEa2kBnBOgR4Y/p20pskXI74UEz7de8ZGVo58asOtvSVG5YAbJeELPZxOmt+Bnz3rX753YKhfIn4X4l1PPRQ=="
    },
    "node_modules/asn1js": {
      "version": "3.0.5",
      "resolved": "https://registry.npmjs.org/asn1js/-/asn1js-3.0.5.tgz",
      "integrity": "sha512-FVnvrKJwpt9LP2lAMl8qZswRNm3T4q9CON+bxldk2iwk3FFpuwhx2FfinyitizWHsVYyaY+y5JzDR0rCMV5yTQ==",
      "dependencies": {
        "pvtsutils": "^1.3.2",
        "pvutils": "^1.1.3",
        "tslib": "^2.4.0"
      },
      "engines": {
        "node": ">=12.0.0"
      }
    },
    "node_modules/big-integer": {
      "version": "1.6.52",
      "resolved": "https://registry.npmjs.org/big-integer/-/big-integer-1.6.52.tgz",
      "integrity": "sha512-QxD8cf2eVqJOOz63z6JIN9BzvVs/dlySa5HGSBH5xtR8dPteIRQnBxxKqkNTiT6jbDTF6jAfrd4oMcND9RGbQg==",
      "engines": {
        "node": ">=0.6"
      }
    },
    "node_modules/binary-data": {
      "version": "0.6.0",
      "resolved": "https://registry.npmjs.org/binary-data/-/binary-data-0.6.0.tgz",
      "integrity": "sha512-HGiT0ir03tS1u7iWdW5xjJfbPpvxH2qJbPFxXW0I3P5iOzkbjN/cJy5GlpAwmjHW5CiayGOxZ/ytLzXmYgdgqQ==",
      "dependencies": {
        "generate-function": "^2.3.1",
        "is-plain-object": "^2.0.3"
      },
      "engines": {
        "node": ">=6"
      }
    },
    "node_modules/bn.js": {
      "version": "4.12.0",
      "resolved": "https://registry.npmjs.org/bn.js/-/bn.js-4.12.0.tgz",
      "integrity": "sha512-c98Bf3tPniI+scsdk237ku1Dc3ujXQTSgyiPUDEOe7tRkhrqridvh8klBv0HCEso1OLOYcHuCv/cS6DNxKH+ZA=="
    },
    "node_modules/brorand": {
      "version": "1.1.0",
      "resolved": "https://registry.npmjs.org/brorand/-/brorand-1.1.0.tgz",
      "integrity": "sha512-cKV8tMCEpQs4hK/ik71d6LrPOnpkpGBR0wzxqr68g2m/LB2GxVYQroAjMJZRVM1Y4BCjCKc3vAamxSzOY2RP+w=="
    },
    "node_modules/buffer-crc32": {
      "version": "0.2.13",
      "resolved": "https://registry.npmjs.org/buffer-crc32/-/buffer-crc32-0.2.13.tgz",
      "integrity": "sha512-VO9Ht/+p3SN7SKWqcrgEzjGbRSJYTx+Q1pTQC0wrWqHx0vpJraQ6GtHx8tvcg1rlK1byhU5gccxgOgj7B0TDkQ==",
      "engines": {
        "node": "*"
      }
    },
    "node_modules/date-fns": {
      "version": "2.30.0",
      "resolved": "https://registry.npmjs.org/date-fns/-/date-fns-2.30.0.tgz",
      "integrity": "sha512-fnULvOpxnC5/Vg3NCiWelDsLiUc9bRwAPs/+LfTLNvetFCtCTN+yQz15C/fs4AwX1R9K5GLtLfn8QW+dWisaAw==",
      "dependencies": {
        "@babel/runtime": "^7.21.0"
      },
      "engines": {
        "node": ">=0.11"
      },
      "funding": {
        "type": "opencollective",
        "url": "https://opencollective.com/date-fns"
      }
    },
    "node_modules/debug": {
      "version": "4.3.4",
      "resolved": "https://registry.npmjs.org/debug/-/debug-4.3.4.tgz",
      "integrity": "sha512-PRWFHuSU3eDtQJPvnNY7Jcket1j0t5OuOsFzPPzsekD52Zl8qUfFIPEiswXqIvHWGVHOgX+7G/vCNNhehwxfkQ==",
      "dependencies": {
        "ms": "2.1.2"
      },
      "engines": {
        "node": ">=6.0"
      },
      "peerDependenciesMeta": {
        "supports-color": {
          "optional": true
        }
      }
    },
    "node_modules/elliptic": {
      "version": "6.5.4",
      "resolved": "https://registry.npmjs.org/elliptic/-/elliptic-6.5.4.tgz",
      "integrity": "sha512-iLhC6ULemrljPZb+QutR5TQGB+pdW6KGD5RSegS+8sorOZT+rdQFbsQFJgvN3eRqNALqJer4oQ16YvJHlU8hzQ==",
      "dependencies": {
        "bn.js": "^4.11.9",
        "brorand": "^1.1.0",
        "hash.js": "^1.0.0",
        "hmac-drbg": "^1.0.1",
        "inherits": "^2.0.4",
        "minimalistic-assert": "^1.0.1",
        "minimalistic-crypto-utils": "^1.0.1"
      }
    },
    "node_modules/generate-function": {
      "version": "2.3.1",
      "resolved": "https://registry.npmjs.org/generate-function/-/generate-function-2.3.1.tgz",
      "integrity": "sha512-eeB5GfMNeevm/GRYq20ShmsaGcmI81kIX2K9XQx5miC8KdHaC6Jm0qQ8ZNeGOi7wYB8OsdxKs+Y2oVuTFuVwKQ==",
      "dependencies": {
        "is-property": "^1.0.2"
      }
    },
    "node_modules/hash.js": {
      "version": "1.1.7",
      "resolved": "https://registry.npmjs.org/hash.js/-/hash.js-1.1.7.tgz",
      "integrity": "sha512-taOaskGt4z4SOANNseOviYDvjEJinIkRgmp7LbKP2YTTmVxWBl87s/uzK9r+44BclBSp2X7K1hqeNfz9JbBeXA==",
      "dependencies": {
        "inherits": "^2.0.3",
        "minimalistic-assert": "^1.0.1"
      }
    },
    "node_modules/hmac-drbg": {
      "version": "1.0.1",
      "resolved": "https://registry.npmjs.org/hmac-drbg/-/hmac-drbg-1.0.1.tgz",
      "integrity": "sha512-Tti3gMqLdZfhOQY1Mzf/AanLiqh1WTiJgEj26ZuYQ9fbkLomzGchCws4FyrSd4VkpBfiNhaE1On+lOz894jvXg==",
      "dependencies": {
        "hash.js": "^1.0.3",
        "minimalistic-assert": "^1.0.0",
        "minimalistic-crypto-utils": "^1.0.1"
      }
    },
    "node_modules/inherits": {
      "version": "2.0.4",
      "resolved": "https://registry.npmjs.org/inherits/-/inherits-2.0.4.tgz",
      "integrity": "sha512-k/vGaX4/Yla3WzyMCvTQOXYeIHvqOKtnqBduzTHpzpQZzAskKMhZ2K+EnBiSM9zGSoIFeMpXKxa4dYeZIQqewQ=="
    },
    "node_modules/ip": {
      "version": "1.1.8",
      "resolved": "https://registry.npmjs.org/ip/-/ip-1.1.8.tgz",
      "integrity": "sha512-PuExPYUiu6qMBQb4l06ecm6T6ujzhmh+MeJcW9wa89PoAz5pvd4zPgN5WJV104mb6S2T1AwNIAaB70JNrLQWhg=="
    },
    "node_modules/ipaddr.js": {
      "version": "2.1.0",
      "resolved": "https://registry.npmjs.org/ipaddr.js/-/ipaddr.js-2.1.0.tgz",
      "integrity": "sha512-LlbxQ7xKzfBusov6UMi4MFpEg0m+mAm9xyNGEduwXMEDuf4WfzB/RZwMVYEd7IKGvh4IUkEXYxtAVu9T3OelJQ==",
      "engines": {
        "node": ">= 10"
      }
    },
    "node_modules/is-plain-object": {
      "version": "2.0.4",
      "resolved": "https://registry.npmjs.org/is-plain-object/-/is-plain-object-2.0.4.tgz",
      "integrity": "sha512-h5PpgXkWitc38BBMYawTYMWJHFZJVnBquFE57xFpjB8pJFiF6gZ+bU+WyI/yqXiFR5mdLsgYNaPe8uao6Uv9Og==",
      "dependencies": {
        "isobject": "^3.0.1"
      },
      "engines": {
        "node": ">=0.10.0"
      }
    },
    "node_modules/is-property": {
      "version": "1.0.2",
      "resolved": "https://registry.npmjs.org/is-property/-/is-property-1.0.2.tgz",
      "integrity": "sha512-Ks/IoX00TtClbGQr4TWXemAnktAQvYB7HzcCxDGqEZU6oCmb2INHuOoKxbtR+HFkmYWBKv/dOZtGRiAjDhj92g=="
    },
    "node_modules/isobject": {
      "version": "3.0.1",
      "resolved": "https://registry.npmjs.org/isobject/-/isobject-3.0.1.tgz",
      "integrity": "sha512-WhB9zCku7EGTj/HQQRz5aUQEUeoQZH2bWcltRErOpymJ4boYE6wL9Tbr23krRPSZ+C5zqNSrSw+Cc7sZZ4b7vg==",
      "engines": {
        "node": ">=0.10.0"
      }
    },
    "node_modules/jspack": {
      "version": "0.0.4",
      "resolved": "https://registry.npmjs.org/jspack/-/jspack-0.0.4.tgz",
      "integrity": "sha512-DC/lSTXYDDdYWzyY/9A1kMzp6Ov9mCRhZQ1cGg4te2w3y4/aKZTSspvbYN4LUsvSzMCb/H8z4TV9mYYW/bs3PQ=="
    },
    "node_modules/lodash": {
      "version": "4.17.21",
      "resolved": "https://registry.npmjs.org/lodash/-/lodash-4.17.21.tgz",
      "integrity": "sha512-v2kDEe57lecTulaDIuNTPy3Ry4gLGJ6Z1O3vE1krgXZNrsQ+LFTGHVxVjcXPs17LhbZVGedAJv8XZ1tvj5FvSg=="
    },
    "node_modules/lodash.memoize": {
      "version": "4.1.2",
      "resolved": "https://registry.npmjs.org/lodash.memoize/-/lodash.memoize-4.1.2.tgz",
      "integrity": "sha512-t7j+NzmgnQzTAYXcsHYLgimltOV1MXHtlOWf6GjL9Kj8GK5FInw5JotxvbOs+IvV1/Dzo04/fCGfLVs7aXb4Ag=="
    },
    "node_modules/minimalistic-assert": {
      "version": "1.0.1",
      "resolved": "https://registry.npmjs.org/minimalistic-assert/-/minimalistic-assert-1.0.1.tgz",
      "integrity": "sha512-UtJcAD4yEaGtjPezWuO9wC4nwUnVH/8/Im3yEHQP4b67cXlD/Qr9hdITCU1xDbSEXg2XKNaP8jsReV7vQd00/A=="
    },
    "node_modules/minimalistic-crypto-utils": {
      "version": "1.0.1",
      "resolved": "https://registry.npmjs.org/minimalistic-crypto-utils/-/minimalistic-crypto-utils-1.0.1.tgz",
      "integrity": "sha512-JIYlbt6g8i5jKfJ3xz7rF0LXmv2TkDxBLUkiBeZ7bAx4GnnNMr8xFpGnOxn6GhTEHx3SjRrZEoU+j04prX1ktg=="
    },
    "node_modules/mp4box": {
      "version": "0.5.2",
      "resolved": "https://registry.npmjs.org/mp4box/-/mp4box-0.5.2.tgz",
      "integrity": "sha512-zRmGlvxy+YdW3Dmt+TR4xPHynbxwXtAQDTN/Fo9N3LMxaUlB2C5KmZpzYyGKy4c7k4Jf3RCR0A2pm9SZELOLXw=="
    },
    "node_modules/ms": {
      "version": "2.1.2",
      "resolved": "https://registry.npmjs.org/ms/-/ms-2.1.2.tgz",
      "integrity": "sha512-sGkPx+VjMtmA6MX27oA4FBFELFCZZ4S4XqeGOXCv68tT+jb3vk/RyaKWP0PTKyWtmLSM0b+adUTEvbs1PEaH2w=="
    },
    "node_modules/nano-time": {
      "version": "1.0.0",
      "resolved": "https://registry.npmjs.org/nano-time/-/nano-time-1.0.0.tgz",
      "integrity": "sha512-flnngywOoQ0lLQOTRNexn2gGSNuM9bKj9RZAWSzhQ+UJYaAFG9bac4DW9VHjUAzrOaIcajHybCTHe/bkvozQqA==",
      "dependencies": {
        "big-integer": "^1.6.16"
      }
    },
    "node_modules/p-cancelable": {
      "version": "2.1.1",
      "resolved": "https://registry.npmjs.org/p-cancelable/-/p-cancelable-2.1.1.tgz",
      "integrity": "sha512-BZOr3nRQHOntUjTrH8+Lh54smKHoHyur8We1V8DSMVrl5A2malOOwuJRnKRDjSnkoeBh4at6BwEnb5I7Jl31wg==",
      "engines": {
        "node": ">=8"
      }
    },
    "node_modules/pvtsutils": {
      "version": "1.3.5",
      "resolved": "https://registry.npmjs.org/pvtsutils/-/pvtsutils-1.3.5.tgz",
      "integrity": "sha512-ARvb14YB9Nm2Xi6nBq1ZX6dAM0FsJnuk+31aUp4TrcZEdKUlSqOqsxJHUPJDNE3qiIp+iUPEIeR6Je/tgV7zsA==",
      "dependencies": {
        "tslib": "^2.6.1"
      }
    },
    "node_modules/pvutils": {
      "version": "1.1.3",
      "resolved": "https://registry.npmjs.org/pvutils/-/pvutils-1.1.3.tgz",
      "integrity": "sha512-pMpnA0qRdFp32b1sJl1wOJNxZLQ2cbQx+k6tjNtZ8CpvVhNqEPRgivZ2WOUev2YMajecdH7ctUPDvEe87nariQ==",
      "engines": {
        "node": ">=6.0.0"
      }
    },
    "node_modules/reflect-metadata": {
      "version": "0.2.1",
      "resolved": "https://registry.npmjs.org/reflect-metadata/-/reflect-metadata-0.2.1.tgz",
      "integrity": "sha512-i5lLI6iw9AU3Uu4szRNPPEkomnkjRTaVt9hy/bn5g/oSzekBSMeLZblcjP74AW0vBabqERLLIrz+gR8QYR54Tw=="
    },
    "node_modules/regenerator-runtime": {
      "version": "0.14.0",
      "resolved": "https://registry.npmjs.org/regenerator-runtime/-/regenerator-runtime-0.14.0.tgz",
      "integrity": "sha512-srw17NI0TUWHuGa5CFGGmhfNIeja30WMBfbslPNhf6JrqQlLN5gcrvig1oqPxiVaXb0oW0XRKtH6Nngs5lKCIA=="
    },
    "node_modules/tslib": {
      "version": "2.6.2",
      "resolved": "https://registry.npmjs.org/tslib/-/tslib-2.6.2.tgz",
      "integrity": "sha512-AEYxH93jGFPn/a2iVAwW87VuUIkR1FVUKB77NwMF7nBTDkDrrT/Hpt/IrCJ0QXhW27jTBDcf5ZY7w6RiqTMw2Q=="
    },
    "node_modules/tsyringe": {
      "version": "4.8.0",
      "resolved": "https://registry.npmjs.org/tsyringe/-/tsyringe-4.8.0.tgz",
      "integrity": "sha512-YB1FG+axdxADa3ncEtRnQCFq/M0lALGLxSZeVNbTU8NqhOVc51nnv2CISTcvc1kyv6EGPtXVr0v6lWeDxiijOA==",
      "dependencies": {
        "tslib": "^1.9.3"
      },
      "engines": {
        "node": ">= 6.0.0"
      }
    },
    "node_modules/tsyringe/node_modules/tslib": {
      "version": "1.14.1",
      "resolved": "https://registry.npmjs.org/tslib/-/tslib-1.14.1.tgz",
      "integrity": "sha512-Xni35NKzjgMrwevysHTCArtLDpPvye8zV/0E4EyYn43P7/7qvQwPh9BGkHewbMulVntbigmcT7rdX3BNo9wRJg=="
    },
    "node_modules/turbo-crc32": {
      "version": "1.0.1",
      "resolved": "https://registry.npmjs.org/turbo-crc32/-/turbo-crc32-1.0.1.tgz",
      "integrity": "sha512-8yyRd1ZdNp+AQLGqi3lTaA2k81JjlIZOyFQEsi7GQWBgirnQOxjqVtDEbYHM2Z4yFdJ5AQw0fxBLLnDCl6RXoQ==",
      "engines": {
        "node": ">=6"
      }
    },
    "node_modules/tweetnacl": {
      "version": "1.0.3",
      "resolved": "https://registry.npmjs.org/tweetnacl/-/tweetnacl-1.0.3.tgz",
      "integrity": "sha512-6rt+RN7aOi1nGMyC4Xa5DdYiukl2UWCbcJft7YhxReBGQD7OAM8Pbxw6YMo4r2diNEA8FEmu32YOn9rhaiE5yw=="
    },
    "node_modules/uuid": {
      "version": "9.0.1",
      "resolved": "https://registry.npmjs.org/uuid/-/uuid-9.0.1.tgz",
      "integrity": "sha512-b+1eJOlsR9K8HJpow9Ok3fiWOWSIcIzXodvv0rQjVoOVNpWMpxf1wZNpt4y9h10odCNrqnYp1OBzRktckBe3sA==",
      "funding": [
        "https://github.com/sponsors/broofa",
        "https://github.com/sponsors/ctavan"
      ],
      "bin": {
        "uuid": "dist/bin/uuid"
      }
    },
    "node_modules/webcrypto-core": {
      "version": "1.7.7",
      "resolved": "https://registry.npmjs.org/webcrypto-core/-/webcrypto-core-1.7.7.tgz",
      "integrity": "sha512-7FjigXNsBfopEj+5DV2nhNpfic2vumtjjgPmeDKk45z+MJwXKKfhPB7118Pfzrmh4jqOMST6Ch37iPAHoImg5g==",
      "dependencies": {
        "@peculiar/asn1-schema": "^2.3.6",
        "@peculiar/json-schema": "^1.1.12",
        "asn1js": "^3.0.1",
        "pvtsutils": "^1.3.2",
        "tslib": "^2.4.0"
      }
    },
    "node_modules/werift": {
      "version": "0.18.17",
      "resolved": "https://registry.npmjs.org/werift/-/werift-0.18.17.tgz",
      "integrity": "sha512-zkQ0zI0YSqyhpkBlEEtBi93hCXDq0PqYrQW5Q+mKKWsg1uV9j+CwzvqPFiih4zg8gn/WaREYx77mw5Af9sdD4g==",
      "dependencies": {
        "@fidm/x509": "^1.2.1",
        "@minhducsun2002/leb128": "^1.0.0",
        "@peculiar/webcrypto": "^1.4.1",
        "@peculiar/x509": "^1.9.2",
        "@shinyoshiaki/ebml-builder": "^0.0.1",
        "aes-js": "^3.1.2",
        "binary-data": "^0.6.0",
        "buffer-crc32": "^0.2.13",
        "date-fns": "^2.29.3",
        "debug": "^4.3.4",
        "elliptic": "^6.5.4",
        "int64-buffer": "^1.0.1",
        "ip": "^1.1.8",
        "jspack": "^0.0.4",
        "lodash": "^4.17.21",
        "mp4box": "^0.5.2",
        "nano-time": "^1.0.0",
        "p-cancelable": "^2.1.1",
        "rx.mini": "^1.2.2",
        "turbo-crc32": "^1.0.1",
        "tweetnacl": "^1.0.3",
        "uuid": "^9.0.0"
      },
      "engines": {
        "node": ">=16"
      }
    },
    "node_modules/werift/node_modules/int64-buffer": {
      "version": "1.0.1",
      "resolved": "https://registry.npmjs.org/int64-buffer/-/int64-buffer-1.0.1.tgz",
      "integrity": "sha512-+3azY4pXrjAupJHU1V9uGERWlhoqNswJNji6aD/02xac7oxol508AsMC5lxKhEqyZeDFy3enq5OGWXF4u75hiw==",
      "engines": {
        "node": ">= 4.5.0"
      }
    },
    "node_modules/werift/node_modules/rx.mini": {
      "version": "1.4.0",
      "resolved": "https://registry.npmjs.org/rx.mini/-/rx.mini-1.4.0.tgz",
      "integrity": "sha512-8w5cSc1mwNja7fl465DXOkVvIOkpvh2GW4jo31nAIvX4WTXCsRnKJGUfiDBzWtYRInEcHAUYIZfzusjIrea8gA=="
    },
    "node_modules/ws": {
      "version": "8.14.2",
      "resolved": "https://registry.npmjs.org/ws/-/ws-8.14.2.tgz",
      "integrity": "sha512-wEBG1ftX4jcglPxgFCMJmZ2PLtSbJ2Peg6TmpJFTbe9GZYOQCDPdMYu/Tm0/bGZkw8paZnJY45J4K2PZrLYq8g==",
      "engines": {
        "node": ">=10.0.0"
      },
      "peerDependencies": {
        "bufferutil": "^4.0.1",
        "utf-8-validate": ">=5.0.2"
      },
      "peerDependenciesMeta": {
        "bufferutil": {
          "optional": true
        },
        "utf-8-validate": {
          "optional": true
        }
      }
    }
  }
}
